
Microsoft Visual Studio Solution File, Format Version 12.00
# Visual Studio Version 16
VisualStudioVersion = 16.0.31321.278
MinimumVisualStudioVersion = 10.0.40219.1
Project("{9A19103F-16F7-4668-BE54-9A1E7A4F7556}") = "EmployeePayrollAppWindows", "EmployeePayrollAppWindows\EmployeePayrollAppWindows.csproj", "{ACF31161-A02B-42B8-9695-B50D1BA0B76E}"
EndProject
Project("{54435603-DBB4-11D2-8724-00A0C9A8B90C}") = "Setup1", "Setup1\Setup1.vdproj", "{C1D3A03B-00FF-4B05-B13B-8090FC84219B}"
EndProject
Global
	GlobalSection(SolutionConfigurationPlatforms) = preSolution
		Debug|Any CPU = Debug|Any CPU
		Release|Any CPU = Release|Any CPU
	EndGlobalSection
	GlobalSection(ProjectConfigurationPlatforms) = postSolution
		{ACF31161-A02B-42B8-9695-B50D1BA0B76E}.Debug|Any CPU.ActiveCfg = Release|Any CPU
		{ACF31161-A02B-42B8-9695-B50D1BA0B76E}.Debug|Any CPU.Build.0 = Release|Any CPU
		{ACF31161-A02B-42B8-9695-B50D1BA0B76E}.Release|Any CPU.ActiveCfg = Release|Any CPU
		{ACF31161-A02B-42B8-9695-B50D1BA0B76E}.Release|Any CPU.Build.0 = Release|Any CPU
		{C1D3A03B-00FF-4B05-B13B-8090FC84219B}.Debug|Any CPU.ActiveCfg = Debug
		{C1D3A03B-00FF-4B05-B13B-8090FC84219B}.Release|Any CPU.ActiveCfg = Release
	EndGlobalSection
	GlobalSection(SolutionProperties) = preSolution
		HideSolutionNode = FALSE
	EndGlobalSection
	GlobalSection(ExtensibilityGlobals) = postSolution
		SolutionGuid = {C527D33F-EE44-4C8F-A36B-FA6EB1B84A5A}
	EndGlobalSection
EndGlobal
